
Microsoft Visual Studio Solution File, Format Version 12.00
Project("{FAE04EC0-301F-11D3-BF4B-00C04F79EFBC}") = "TI2", "TI2\TI2.csproj", "{9B83B700-0FA1-4136-A131-3C24DC98CA1A}"
EndProject
Global
	GlobalSection(SolutionConfigurationPlatforms) = preSolution
		Debug|Any CPU = Debug|Any CPU
		Release|Any CPU = Release|Any CPU
	EndGlobalSection
	GlobalSection(ProjectConfigurationPlatforms) = postSolution
		{9B83B700-0FA1-4136-A131-3C24DC98CA1A}.Debug|Any CPU.ActiveCfg = Debug|Any CPU
		{9B83B700-0FA1-4136-A131-3C24DC98CA1A}.Debug|Any CPU.Build.0 = Debug|Any CPU
		{9B83B700-0FA1-4136-A131-3C24DC98CA1A}.Release|Any CPU.ActiveCfg = Release|Any CPU
		{9B83B700-0FA1-4136-A131-3C24DC98CA1A}.Release|Any CPU.Build.0 = Release|Any CPU
	EndGlobalSection
EndGlobal
